{
  "name": "ontolosql-foundry-runtime",
  "lockfileVersion": 3,
  "requires": true,
  "packages": {
    "": {
      "name": "ontolosql-foundry-runtime",
      "dependencies": {
        "@osdk/client": "^2.40.0",
        "@osdk/foundry": "^2.40.0"
      }
    },
    "node_modules/@osdk/api": {
      "version": "2.40.0",
      "resolved": "https://registry.npmjs.org/@osdk/api/-/api-2.40.0.tgz",
      "integrity": "sha512-4/J6wPO56tQ5dUqak4MTyDKB839BOHfVovTOnvVAkbM72or04BBppYxBolC44G9Q5+qrUkhPgxTx3XpFxDD+RA==",
      "license": "Apache-2.0",
      "dependencies": {
        "@types/geojson": "^7946.0.16",
        "fetch-retry": "^6.0.0",
        "tiny-invariant": "^1.3.3",
        "type-fest": "^4.41.0"
      }
    },
    "node_modules/@osdk/client": {
      "version": "2.40.0",
      "resolved": "https://registry.npmjs.org/@osdk/client/-/client-2.40.0.tgz",
      "integrity": "sha512-IE6eIQJkDouNARxczw1z/FnFxLDTiuo7rNrOD40bXuuVK0jv1JqMd2ZyMkAyySaJ48wyHtD/QbgWwUUjRa6ECg==",
      "license": "Apache-2.0",
      "dependencies": {
        "@osdk/api": "~2.40.0",
        "@osdk/client.unstable": "2.40.0",
        "@osdk/foundry.core": "2.63.0",
        "@osdk/foundry.functions": "2.63.0",
        "@osdk/foundry.mediasets": "2.63.0",
        "@osdk/foundry.ontologies": "2.63.0",
        "@osdk/generator-converters": "2.40.0",
        "@osdk/shared.client": "^1.0.1",
        "@osdk/shared.client.impl": "~1.13.0",
        "@osdk/shared.client2": "^1.0.0",
        "@osdk/shared.net.errors": "~2.11.0",
        "@osdk/shared.net.fetch": "~1.11.0",
        "@types/geojson": "^7946.0.16",
        "@wry/trie": "^0.5.0",
        "big.js": "^5.1.2",
        "conjure-lite": "0.7.3",
        "fast-deep-equal": "^3.1.3",
        "isomorphic-ws": "^5.0.0",
        "p-defer": "^4.0.1",
        "rxjs": "^7.8.2",
        "tiny-invariant": "^1.3.3",
        "type-fest": "^4.41.0",
        "ws": "^8.20.1"
      },
      "peerDependencies": {
        "@osdk/shared.test": "^2.29.0"
      },
      "peerDependenciesMeta": {
        "@osdk/shared.test": {
          "optional": true
        }
      }
    },
    "node_modules/@osdk/client.unstable": {
      "version": "2.40.0",
      "resolved": "https://registry.npmjs.org/@osdk/client.unstable/-/client.unstable-2.40.0.tgz",
      "integrity": "sha512-ojaW8S/sCrBHeyyecnyPSHVALPlEllbrcNs7Z/wsCuZsRrbDJ/zFDilAPcgmQ5BPhzWiKqBh9DYQ8b9CmkLbAg==",
      "license": "Apache-2.0",
      "dependencies": {
        "conjure-lite": "^0.4.4"
      }
    },
    "node_modules/@osdk/client.unstable/node_modules/conjure-lite": {
      "version": "0.4.4",
      "resolved": "https://registry.npmjs.org/conjure-lite/-/conjure-lite-0.4.4.tgz",
      "integrity": "sha512-WHmOLegM2L7WOxsDaNfobjLdKc0uzYWXvDTRZrnqkK58W/A+m4kkH/QVsyUdHhLA7ayRhAcoovuKJNfS/SKmqQ==",
      "license": "Apache-2.0",
      "bin": {
        "conjure-lite": "dist/conjure-lite.mjs"
      }
    },
    "node_modules/@osdk/foundry": {
      "version": "2.65.0",
      "resolved": "https://registry.npmjs.org/@osdk/foundry/-/foundry-2.65.0.tgz",
      "integrity": "sha512-Uz0xvf7UFtQsWkJ221ChAq65zOqlaikYwumaWc/HT22D/2xOIz1eB53/unS2d7oZFo83VgC0+3+usmHee3ltqA==",
      "license": "Apache-2.0",
      "dependencies": {
        "@osdk/foundry.admin": "2.65.0",
        "@osdk/foundry.aipagents": "2.65.0",
        "@osdk/foundry.audit": "2.65.0",
        "@osdk/foundry.checkpoints": "2.65.0",
        "@osdk/foundry.connectivity": "2.65.0",
        "@osdk/foundry.core": "2.65.0",
        "@osdk/foundry.datahealth": "2.65.0",
        "@osdk/foundry.datasets": "2.65.0",
        "@osdk/foundry.filesystem": "2.65.0",
        "@osdk/foundry.functions": "2.65.0",
        "@osdk/foundry.geo": "2.65.0",
        "@osdk/foundry.geojson": "2.65.0",
        "@osdk/foundry.languagemodels": "2.65.0",
        "@osdk/foundry.mediasets": "2.65.0",
        "@osdk/foundry.models": "2.65.0",
        "@osdk/foundry.notepad": "2.65.0",
        "@osdk/foundry.ontologies": "2.65.0",
        "@osdk/foundry.operations": "2.65.0",
        "@osdk/foundry.orchestration": "2.65.0",
        "@osdk/foundry.pack": "2.65.0",
        "@osdk/foundry.publicapis": "2.65.0",
        "@osdk/foundry.sqlqueries": "2.65.0",
        "@osdk/foundry.streams": "2.65.0",
        "@osdk/foundry.thirdpartyapplications": "2.65.0",
        "@osdk/foundry.widgets": "2.65.0",
        "@osdk/shared.client": "^1.0.1",
        "@osdk/shared.client2": "^1.0.0",
        "@osdk/shared.net.platformapi": "~1.7.0"
      }
    },
    "node_modules/@osdk/foundry.admin": {
      "version": "2.65.0",
      "resolved": "https://registry.npmjs.org/@osdk/foundry.admin/-/foundry.admin-2.65.0.tgz",
      "integrity": "sha512-tkrFZIsBGT13nQK63eTXtzUf2jzTDU/PQkzmZcDxyTc/BheCppqzdX55aZtKR5U0NrW97/3Hqscz8jQ/+/scAA==",
      "license": "Apache-2.0",
      "dependencies": {
        "@osdk/foundry.core": "2.65.0",
        "@osdk/shared.client": "^1.0.1",
        "@osdk/shared.client2": "^1.0.0",
        "@osdk/shared.net.platformapi": "~1.7.0"
      }
    },
    "node_modules/@osdk/foundry.admin/node_modules/@osdk/foundry.core": {
      "version": "2.65.0",
      "resolved": "https://registry.npmjs.org/@osdk/foundry.core/-/foundry.core-2.65.0.tgz",
      "integrity": "sha512-Ig89KUgIQQwfb2zMXX++8GmfLLon1NiJwITNA528RldQO9OKWnRSJ/Ru3t1XC7s0SPtKHYalw2TCe3ik51Rk9A==",
      "license": "Apache-2.0",
      "dependencies": {
        "@osdk/foundry.geo": "2.65.0",
        "@osdk/shared.client": "^1.0.1",
        "@osdk/shared.client2": "^1.0.0",
        "@osdk/shared.net.platformapi": "~1.7.0"
      }
    },
    "node_modules/@osdk/foundry.aipagents": {
      "version": "2.65.0",
      "resolved": "https://registry.npmjs.org/@osdk/foundry.aipagents/-/foundry.aipagents-2.65.0.tgz",
      "integrity": "sha512-9wot0MaJSsEWu3anU3F+yH02tluLwMA8z1rZ5+FcOgt3ZPxvUOc4aMGFA7E+YQD+nwv0pVWiicYTO2I0QPGl3w==",
      "license": "Apache-2.0",
      "dependencies": {
        "@osdk/foundry.core": "2.65.0",
        "@osdk/foundry.functions": "2.65.0",
        "@osdk/foundry.ontologies": "2.65.0",
        "@osdk/shared.client": "^1.0.1",
        "@osdk/shared.client2": "^1.0.0",
        "@osdk/shared.net.platformapi": "~1.7.0"
      }
    },
    "node_modules/@osdk/foundry.aipagents/node_modules/@osdk/foundry.core": {
      "version": "2.65.0",
      "resolved": "https://registry.npmjs.org/@osdk/foundry.core/-/foundry.core-2.65.0.tgz",
      "integrity": "sha512-Ig89KUgIQQwfb2zMXX++8GmfLLon1NiJwITNA528RldQO9OKWnRSJ/Ru3t1XC7s0SPtKHYalw2TCe3ik51Rk9A==",
      "license": "Apache-2.0",
      "dependencies": {
        "@osdk/foundry.geo": "2.65.0",
        "@osdk/shared.client": "^1.0.1",
        "@osdk/shared.client2": "^1.0.0",
        "@osdk/shared.net.platformapi": "~1.7.0"
      }
    },
    "node_modules/@osdk/foundry.aipagents/node_modules/@osdk/foundry.functions": {
      "version": "2.65.0",
      "resolved": "https://registry.npmjs.org/@osdk/foundry.functions/-/foundry.functions-2.65.0.tgz",
      "integrity": "sha512-Coz65RrGt5BfXvA3SPfnSGDxCf/PUvHNA6L/YN3Zgh9L7vYoFq7opMqzJLwzxU5maZnhts0KCBwCZAZqpB4v9A==",
      "license": "Apache-2.0",
      "dependencies": {
        "@osdk/foundry.core": "2.65.0",
        "@osdk/foundry.ontologies": "2.65.0",
        "@osdk/shared.client": "^1.0.1",
        "@osdk/shared.client2": "^1.0.0",
        "@osdk/shared.net.platformapi": "~1.7.0"
      }
    },
    "node_modules/@osdk/foundry.aipagents/node_modules/@osdk/foundry.ontologies": {
      "version": "2.65.0",
      "resolved": "https://registry.npmjs.org/@osdk/foundry.ontologies/-/foundry.ontologies-2.65.0.tgz",
      "integrity": "sha512-grg2cD9rv4pLYVvkajL5YGj15ZRiBwcaC3eGWSFZQQ7EOKNQwybEXU+WGVCAkC6QMvaFxrlE/gssTwaRk1QMUQ==",
      "license": "Apache-2.0",
      "dependencies": {
        "@osdk/foundry.core": "2.65.0",
        "@osdk/foundry.geo": "2.65.0",
        "@osdk/shared.client": "^1.0.1",
        "@osdk/shared.client2": "^1.0.0",
        "@osdk/shared.net.platformapi": "~1.7.0"
      }
    },
    "node_modules/@osdk/foundry.audit": {
      "version": "2.65.0",
      "resolved": "https://registry.npmjs.org/@osdk/foundry.audit/-/foundry.audit-2.65.0.tgz",
      "integrity": "sha512-6jzA4SD8fETiZwosMM1aAks6DodfSKw1EIycOmXPFu7eGe0tDzHjcF7eAm8xPi8sLU6vtFWRX0aU5l1qIX/3gA==",
      "license": "Apache-2.0",
      "dependencies": {
        "@osdk/foundry.core": "2.65.0",
        "@osdk/shared.client": "^1.0.1",
        "@osdk/shared.client2": "^1.0.0",
        "@osdk/shared.net.platformapi": "~1.7.0"
      }
    },
    "node_modules/@osdk/foundry.audit/node_modules/@osdk/foundry.core": {
      "version": "2.65.0",
      "resolved": "https://registry.npmjs.org/@osdk/foundry.core/-/foundry.core-2.65.0.tgz",
      "integrity": "sha512-Ig89KUgIQQwfb2zMXX++8GmfLLon1NiJwITNA528RldQO9OKWnRSJ/Ru3t1XC7s0SPtKHYalw2TCe3ik51Rk9A==",
      "license": "Apache-2.0",
      "dependencies": {
        "@osdk/foundry.geo": "2.65.0",
        "@osdk/shared.client": "^1.0.1",
        "@osdk/shared.client2": "^1.0.0",
        "@osdk/shared.net.platformapi": "~1.7.0"
      }
    },
    "node_modules/@osdk/foundry.checkpoints": {
      "version": "2.65.0",
      "resolved": "https://registry.npmjs.org/@osdk/foundry.checkpoints/-/foundry.checkpoints-2.65.0.tgz",
      "integrity": "sha512-ZIj0cwjkXZ7246GaU+eK0UDG1gdmx1dllitN7UVtmqqWpkLf0OQ5LR/Qs8Er4xXHMDjHc7dF2aaFK9IrrgR6UA==",
      "license": "Apache-2.0",
      "dependencies": {
        "@osdk/foundry.core": "2.65.0",
        "@osdk/shared.client": "^1.0.1",
        "@osdk/shared.client2": "^1.0.0",
        "@osdk/shared.net.platformapi": "~1.7.0"
      }
    },
    "node_modules/@osdk/foundry.checkpoints/node_modules/@osdk/foundry.core": {
      "version": "2.65.0",
      "resolved": "https://registry.npmjs.org/@osdk/foundry.core/-/foundry.core-2.65.0.tgz",
      "integrity": "sha512-Ig89KUgIQQwfb2zMXX++8GmfLLon1NiJwITNA528RldQO9OKWnRSJ/Ru3t1XC7s0SPtKHYalw2TCe3ik51Rk9A==",
      "license": "Apache-2.0",
      "dependencies": {
        "@osdk/foundry.geo": "2.65.0",
        "@osdk/shared.client": "^1.0.1",
        "@osdk/shared.client2": "^1.0.0",
        "@osdk/shared.net.platformapi": "~1.7.0"
      }
    },
    "node_modules/@osdk/foundry.connectivity": {
      "version": "2.65.0",
      "resolved": "https://registry.npmjs.org/@osdk/foundry.connectivity/-/foundry.connectivity-2.65.0.tgz",
      "integrity": "sha512-unx4FXF8Xy42RZxKXPwWz1w0WnqT3ZeyGdqncCo/+HVicCU7ldl7AWj5LpGODuqRTdWzhNMsQdBSjIs6iazLhQ==",
      "license": "Apache-2.0",
      "dependencies": {
        "@osdk/foundry.core": "2.65.0",
        "@osdk/foundry.filesystem": "2.65.0",
        "@osdk/shared.client": "^1.0.1",
        "@osdk/shared.client2": "^1.0.0",
        "@osdk/shared.net.platformapi": "~1.7.0"
      }
    },
    "node_modules/@osdk/foundry.connectivity/node_modules/@osdk/foundry.core": {
      "version": "2.65.0",
      "resolved": "https://registry.npmjs.org/@osdk/foundry.core/-/foundry.core-2.65.0.tgz",
      "integrity": "sha512-Ig89KUgIQQwfb2zMXX++8GmfLLon1NiJwITNA528RldQO9OKWnRSJ/Ru3t1XC7s0SPtKHYalw2TCe3ik51Rk9A==",
      "license": "Apache-2.0",
      "dependencies": {
        "@osdk/foundry.geo": "2.65.0",
        "@osdk/shared.client": "^1.0.1",
        "@osdk/shared.client2": "^1.0.0",
        "@osdk/shared.net.platformapi": "~1.7.0"
      }
    },
    "node_modules/@osdk/foundry.core": {
      "version": "2.63.0",
      "resolved": "https://registry.npmjs.org/@osdk/foundry.core/-/foundry.core-2.63.0.tgz",
      "integrity": "sha512-LvzmjXBVwbTsy5MCowaTzFh4XLHZYBQRrljEnyW8NBeTHaHo01wnOyR1r1dzI+u8VemlxwCE9uGjWaY8G+5kIg==",
      "license": "Apache-2.0",
      "dependencies": {
        "@osdk/foundry.geo": "2.63.0",
        "@osdk/shared.client": "^1.0.1",
        "@osdk/shared.client2": "^1.0.0",
        "@osdk/shared.net.platformapi": "~1.7.0"
      }
    },
    "node_modules/@osdk/foundry.core/node_modules/@osdk/foundry.geo": {
      "version": "2.63.0",
      "resolved": "https://registry.npmjs.org/@osdk/foundry.geo/-/foundry.geo-2.63.0.tgz",
      "integrity": "sha512-4YdMmdCCzpkOoWsIIm81l3f+DXjt71D35M+/vD27coFyPZJeU4R7p7QybEfVOFm/4efk6IQ4Yk5pOSkV/BxZig==",
      "license": "Apache-2.0",
      "dependencies": {
        "@osdk/shared.client": "^1.0.1",
        "@osdk/shared.client2": "^1.0.0",
        "@osdk/shared.net.platformapi": "~1.7.0"
      }
    },
    "node_modules/@osdk/foundry.datahealth": {
      "version": "2.65.0",
      "resolved": "https://registry.npmjs.org/@osdk/foundry.datahealth/-/foundry.datahealth-2.65.0.tgz",
      "integrity": "sha512-aSxudQvsYXx8J1IdCMURnxejFRIJsqCjk/q/I50Mw6yiwMGWCiifq47CK9hocU8t2De2nwacmhNGLovHlb6pgw==",
      "license": "Apache-2.0",
      "dependencies": {
        "@osdk/foundry.core": "2.65.0",
        "@osdk/shared.client": "^1.0.1",
        "@osdk/shared.client2": "^1.0.0",
        "@osdk/shared.net.platformapi": "~1.7.0"
      }
    },
    "node_modules/@osdk/foundry.datahealth/node_modules/@osdk/foundry.core": {
      "version": "2.65.0",
      "resolved": "https://registry.npmjs.org/@osdk/foundry.core/-/foundry.core-2.65.0.tgz",
      "integrity": "sha512-Ig89KUgIQQwfb2zMXX++8GmfLLon1NiJwITNA528RldQO9OKWnRSJ/Ru3t1XC7s0SPtKHYalw2TCe3ik51Rk9A==",
      "license": "Apache-2.0",
      "dependencies": {
        "@osdk/foundry.geo": "2.65.0",
        "@osdk/shared.client": "^1.0.1",
        "@osdk/shared.client2": "^1.0.0",
        "@osdk/shared.net.platformapi": "~1.7.0"
      }
    },
    "node_modules/@osdk/foundry.datasets": {
      "version": "2.65.0",
      "resolved": "https://registry.npmjs.org/@osdk/foundry.datasets/-/foundry.datasets-2.65.0.tgz",
      "integrity": "sha512-TK3Iaq/zdehGAIJd5lTetaHFRTUwHyRMvStu5fKGlQO/DF9M6bAC6f2eOPUYmMHeLNszqcBOCXf0fIqfkxsaEg==",
      "license": "Apache-2.0",
      "dependencies": {
        "@osdk/foundry.core": "2.65.0",
        "@osdk/foundry.datahealth": "2.65.0",
        "@osdk/foundry.filesystem": "2.65.0",
        "@osdk/shared.client": "^1.0.1",
        "@osdk/shared.client2": "^1.0.0",
        "@osdk/shared.net.platformapi": "~1.7.0"
      }
    },
    "node_modules/@osdk/foundry.datasets/node_modules/@osdk/foundry.core": {
      "version": "2.65.0",
      "resolved": "https://registry.npmjs.org/@osdk/foundry.core/-/foundry.core-2.65.0.tgz",
      "integrity": "sha512-Ig89KUgIQQwfb2zMXX++8GmfLLon1NiJwITNA528RldQO9OKWnRSJ/Ru3t1XC7s0SPtKHYalw2TCe3ik51Rk9A==",
      "license": "Apache-2.0",
      "dependencies": {
        "@osdk/foundry.geo": "2.65.0",
        "@osdk/shared.client": "^1.0.1",
        "@osdk/shared.client2": "^1.0.0",
        "@osdk/shared.net.platformapi": "~1.7.0"
      }
    },
    "node_modules/@osdk/foundry.filesystem": {
      "version": "2.65.0",
      "resolved": "https://registry.npmjs.org/@osdk/foundry.filesystem/-/foundry.filesystem-2.65.0.tgz",
      "integrity": "sha512-rETK3UOrIcuwK/gkSvF1KGrMsaZcbn9SuncMyWOMRCnimUq3+F2DcQyS+iDdEFbG5TLcCusF3TMXsNzT+qjEUw==",
      "license": "Apache-2.0",
      "dependencies": {
        "@osdk/foundry.core": "2.65.0",
        "@osdk/shared.client": "^1.0.1",
        "@osdk/shared.client2": "^1.0.0",
        "@osdk/shared.net.platformapi": "~1.7.0"
      }
    },
    "node_modules/@osdk/foundry.filesystem/node_modules/@osdk/foundry.core": {
      "version": "2.65.0",
      "resolved": "https://registry.npmjs.org/@osdk/foundry.core/-/foundry.core-2.65.0.tgz",
      "integrity": "sha512-Ig89KUgIQQwfb2zMXX++8GmfLLon1NiJwITNA528RldQO9OKWnRSJ/Ru3t1XC7s0SPtKHYalw2TCe3ik51Rk9A==",
      "license": "Apache-2.0",
      "dependencies": {
        "@osdk/foundry.geo": "2.65.0",
        "@osdk/shared.client": "^1.0.1",
        "@osdk/shared.client2": "^1.0.0",
        "@osdk/shared.net.platformapi": "~1.7.0"
      }
    },
    "node_modules/@osdk/foundry.functions": {
      "version": "2.63.0",
      "resolved": "https://registry.npmjs.org/@osdk/foundry.functions/-/foundry.functions-2.63.0.tgz",
      "integrity": "sha512-5BrEt4r6iPaa/nPcG2B/bxlj7CvDxXv5ReL3R3lJ/ft9SNY2SeBLXb4BH2OGaysZiWMwhBgy/tgdG6miQJIKrQ==",
      "license": "Apache-2.0",
      "dependencies": {
        "@osdk/foundry.core": "2.63.0",
        "@osdk/foundry.ontologies": "2.63.0",
        "@osdk/shared.client": "^1.0.1",
        "@osdk/shared.client2": "^1.0.0",
        "@osdk/shared.net.platformapi": "~1.7.0"
      }
    },
    "node_modules/@osdk/foundry.geo": {
      "version": "2.65.0",
      "resolved": "https://registry.npmjs.org/@osdk/foundry.geo/-/foundry.geo-2.65.0.tgz",
      "integrity": "sha512-cQ58xSlkiaod8S1To+ikzS0RLidp21ltaBo2qSLKQTNFNpSWFqOSgEy3NJ8sTzgQoKxRaZ3i3yEdm0wqLJSnZg==",
      "license": "Apache-2.0",
      "dependencies": {
        "@osdk/shared.client": "^1.0.1",
        "@osdk/shared.client2": "^1.0.0",
        "@osdk/shared.net.platformapi": "~1.7.0"
      }
    },
    "node_modules/@osdk/foundry.geojson": {
      "version": "2.65.0",
      "resolved": "https://registry.npmjs.org/@osdk/foundry.geojson/-/foundry.geojson-2.65.0.tgz",
      "integrity": "sha512-sPzmqwOIWG8JMy69HOpxFq7EokUOA3AzcDH2+Th7Z4zV3hiwJ8UA5hwStfvmDVpuofmoq0HqvO9dE3/bJLmA7A==",
      "license": "Apache-2.0",
      "dependencies": {
        "@osdk/shared.client": "^1.0.1",
        "@osdk/shared.client2": "^1.0.0",
        "@osdk/shared.net.platformapi": "~1.7.0"
      }
    },
    "node_modules/@osdk/foundry.languagemodels": {
      "version": "2.65.0",
      "resolved": "https://registry.npmjs.org/@osdk/foundry.languagemodels/-/foundry.languagemodels-2.65.0.tgz",
      "integrity": "sha512-eH1rDvMCagHtT3Pbr3xr0Z0NSn8H7rInr31924SF4zgQso9D7tchYAmhAiiHQ6TYpWYj+EMZpoFDzrCT8vjddA==",
      "license": "Apache-2.0",
      "dependencies": {
        "@osdk/foundry.core": "2.65.0",
        "@osdk/shared.client": "^1.0.1",
        "@osdk/shared.client2": "^1.0.0",
        "@osdk/shared.net.platformapi": "~1.7.0"
      }
    },
    "node_modules/@osdk/foundry.languagemodels/node_modules/@osdk/foundry.core": {
      "version": "2.65.0",
      "resolved": "https://registry.npmjs.org/@osdk/foundry.core/-/foundry.core-2.65.0.tgz",
      "integrity": "sha512-Ig89KUgIQQwfb2zMXX++8GmfLLon1NiJwITNA528RldQO9OKWnRSJ/Ru3t1XC7s0SPtKHYalw2TCe3ik51Rk9A==",
      "license": "Apache-2.0",
      "dependencies": {
        "@osdk/foundry.geo": "2.65.0",
        "@osdk/shared.client": "^1.0.1",
        "@osdk/shared.client2": "^1.0.0",
        "@osdk/shared.net.platformapi": "~1.7.0"
      }
    },
    "node_modules/@osdk/foundry.mediasets": {
      "version": "2.63.0",
      "resolved": "https://registry.npmjs.org/@osdk/foundry.mediasets/-/foundry.mediasets-2.63.0.tgz",
      "integrity": "sha512-TQcOI7DhAj+V8bkQN+GvTErk/0j+wNKYiHZrFnH/WepuZ66TptHxc/xY0YFC3TS8g54W93WYoJjAU/huS3BBOw==",
      "license": "Apache-2.0",
      "dependencies": {
        "@osdk/foundry.core": "2.63.0",
        "@osdk/shared.client": "^1.0.1",
        "@osdk/shared.client2": "^1.0.0",
        "@osdk/shared.net.platformapi": "~1.7.0"
      }
    },
    "node_modules/@osdk/foundry.models": {
      "version": "2.65.0",
      "resolved": "https://registry.npmjs.org/@osdk/foundry.models/-/foundry.models-2.65.0.tgz",
      "integrity": "sha512-Vc8//awC/qQfrgY6HmbVYrgVtasXRcmQfDkr26USu2s0g45w071PT1W1Jt0SeQxU6aiyJt/zCFZLr1zCSTvbfw==",
      "license": "Apache-2.0",
      "dependencies": {
        "@osdk/foundry.core": "2.65.0",
        "@osdk/foundry.filesystem": "2.65.0",
        "@osdk/foundry.ontologies": "2.65.0",
        "@osdk/foundry.orchestration": "2.65.0",
        "@osdk/shared.client": "^1.0.1",
        "@osdk/shared.client2": "^1.0.0",
        "@osdk/shared.net.platformapi": "~1.7.0"
      }
    },
    "node_modules/@osdk/foundry.models/node_modules/@osdk/foundry.core": {
      "version": "2.65.0",
      "resolved": "https://registry.npmjs.org/@osdk/foundry.core/-/foundry.core-2.65.0.tgz",
      "integrity": "sha512-Ig89KUgIQQwfb2zMXX++8GmfLLon1NiJwITNA528RldQO9OKWnRSJ/Ru3t1XC7s0SPtKHYalw2TCe3ik51Rk9A==",
      "license": "Apache-2.0",
      "dependencies": {
        "@osdk/foundry.geo": "2.65.0",
        "@osdk/shared.client": "^1.0.1",
        "@osdk/shared.client2": "^1.0.0",
        "@osdk/shared.net.platformapi": "~1.7.0"
      }
    },
    "node_modules/@osdk/foundry.models/node_modules/@osdk/foundry.ontologies": {
      "version": "2.65.0",
      "resolved": "https://registry.npmjs.org/@osdk/foundry.ontologies/-/foundry.ontologies-2.65.0.tgz",
      "integrity": "sha512-grg2cD9rv4pLYVvkajL5YGj15ZRiBwcaC3eGWSFZQQ7EOKNQwybEXU+WGVCAkC6QMvaFxrlE/gssTwaRk1QMUQ==",
      "license": "Apache-2.0",
      "dependencies": {
        "@osdk/foundry.core": "2.65.0",
        "@osdk/foundry.geo": "2.65.0",
        "@osdk/shared.client": "^1.0.1",
        "@osdk/shared.client2": "^1.0.0",
        "@osdk/shared.net.platformapi": "~1.7.0"
      }
    },
    "node_modules/@osdk/foundry.notepad": {
      "version": "2.65.0",
      "resolved": "https://registry.npmjs.org/@osdk/foundry.notepad/-/foundry.notepad-2.65.0.tgz",
      "integrity": "sha512-PjrnTGkfd+1/08d6IV6tp7unQxNjHReDnYHPLP9o810v6KuK3VeuqkpY3FqZ+txRSDxWrwDDW5VB+tVXGBDidA==",
      "license": "Apache-2.0",
      "dependencies": {
        "@osdk/foundry.core": "2.65.0",
        "@osdk/foundry.filesystem": "2.65.0",
        "@osdk/foundry.ontologies": "2.65.0",
        "@osdk/shared.client": "^1.0.1",
        "@osdk/shared.client2": "^1.0.0",
        "@osdk/shared.net.platformapi": "~1.7.0"
      }
    },
    "node_modules/@osdk/foundry.notepad/node_modules/@osdk/foundry.core": {
      "version": "2.65.0",
      "resolved": "https://registry.npmjs.org/@osdk/foundry.core/-/foundry.core-2.65.0.tgz",
      "integrity": "sha512-Ig89KUgIQQwfb2zMXX++8GmfLLon1NiJwITNA528RldQO9OKWnRSJ/Ru3t1XC7s0SPtKHYalw2TCe3ik51Rk9A==",
      "license": "Apache-2.0",
      "dependencies": {
        "@osdk/foundry.geo": "2.65.0",
        "@osdk/shared.client": "^1.0.1",
        "@osdk/shared.client2": "^1.0.0",
        "@osdk/shared.net.platformapi": "~1.7.0"
      }
    },
    "node_modules/@osdk/foundry.notepad/node_modules/@osdk/foundry.ontologies": {
      "version": "2.65.0",
      "resolved": "https://registry.npmjs.org/@osdk/foundry.ontologies/-/foundry.ontologies-2.65.0.tgz",
      "integrity": "sha512-grg2cD9rv4pLYVvkajL5YGj15ZRiBwcaC3eGWSFZQQ7EOKNQwybEXU+WGVCAkC6QMvaFxrlE/gssTwaRk1QMUQ==",
      "license": "Apache-2.0",
      "dependencies": {
        "@osdk/foundry.core": "2.65.0",
        "@osdk/foundry.geo": "2.65.0",
        "@osdk/shared.client": "^1.0.1",
        "@osdk/shared.client2": "^1.0.0",
        "@osdk/shared.net.platformapi": "~1.7.0"
      }
    },
    "node_modules/@osdk/foundry.ontologies": {
      "version": "2.63.0",
      "resolved": "https://registry.npmjs.org/@osdk/foundry.ontologies/-/foundry.ontologies-2.63.0.tgz",
      "integrity": "sha512-vnu/sLJtGAhautW49jxK2Cs3Ly4a+jTtKBL+DvZozsA2qKRTQVrGBKV/J+Z/ARcEaxcaMBkMrBU9YIfZB4fV6w==",
      "license": "Apache-2.0",
      "dependencies": {
        "@osdk/foundry.core": "2.63.0",
        "@osdk/foundry.geo": "2.63.0",
        "@osdk/shared.client": "^1.0.1",
        "@osdk/shared.client2": "^1.0.0",
        "@osdk/shared.net.platformapi": "~1.7.0"
      }
    },
    "node_modules/@osdk/foundry.ontologies/node_modules/@osdk/foundry.geo": {
      "version": "2.63.0",
      "resolved": "https://registry.npmjs.org/@osdk/foundry.geo/-/foundry.geo-2.63.0.tgz",
      "integrity": "sha512-4YdMmdCCzpkOoWsIIm81l3f+DXjt71D35M+/vD27coFyPZJeU4R7p7QybEfVOFm/4efk6IQ4Yk5pOSkV/BxZig==",
      "license": "Apache-2.0",
      "dependencies": {
        "@osdk/shared.client": "^1.0.1",
        "@osdk/shared.client2": "^1.0.0",
        "@osdk/shared.net.platformapi": "~1.7.0"
      }
    },
    "node_modules/@osdk/foundry.operations": {
      "version": "2.65.0",
      "resolved": "https://registry.npmjs.org/@osdk/foundry.operations/-/foundry.operations-2.65.0.tgz",
      "integrity": "sha512-27MhRLtJYvEYWO3ToDXsnXuI5Zw3FTa/TIq3DuzhdOFpBBirr/n1A9YRDRGnwJLFM2YvuOhxxMEoXtXTDwRXbg==",
      "license": "Apache-2.0",
      "dependencies": {
        "@osdk/foundry.core": "2.65.0",
        "@osdk/foundry.ontologies": "2.65.0",
        "@osdk/shared.client": "^1.0.1",
        "@osdk/shared.client2": "^1.0.0",
        "@osdk/shared.net.platformapi": "~1.7.0"
      }
    },
    "node_modules/@osdk/foundry.operations/node_modules/@osdk/foundry.core": {
      "version": "2.65.0",
      "resolved": "https://registry.npmjs.org/@osdk/foundry.core/-/foundry.core-2.65.0.tgz",
      "integrity": "sha512-Ig89KUgIQQwfb2zMXX++8GmfLLon1NiJwITNA528RldQO9OKWnRSJ/Ru3t1XC7s0SPtKHYalw2TCe3ik51Rk9A==",
      "license": "Apache-2.0",
      "dependencies": {
        "@osdk/foundry.geo": "2.65.0",
        "@osdk/shared.client": "^1.0.1",
        "@osdk/shared.client2": "^1.0.0",
        "@osdk/shared.net.platformapi": "~1.7.0"
      }
    },
    "node_modules/@osdk/foundry.operations/node_modules/@osdk/foundry.ontologies": {
      "version": "2.65.0",
      "resolved": "https://registry.npmjs.org/@osdk/foundry.ontologies/-/foundry.ontologies-2.65.0.tgz",
      "integrity": "sha512-grg2cD9rv4pLYVvkajL5YGj15ZRiBwcaC3eGWSFZQQ7EOKNQwybEXU+WGVCAkC6QMvaFxrlE/gssTwaRk1QMUQ==",
      "license": "Apache-2.0",
      "dependencies": {
        "@osdk/foundry.core": "2.65.0",
        "@osdk/foundry.geo": "2.65.0",
        "@osdk/shared.client": "^1.0.1",
        "@osdk/shared.client2": "^1.0.0",
        "@osdk/shared.net.platformapi": "~1.7.0"
      }
    },
    "node_modules/@osdk/foundry.orchestration": {
      "version": "2.65.0",
      "resolved": "https://registry.npmjs.org/@osdk/foundry.orchestration/-/foundry.orchestration-2.65.0.tgz",
      "integrity": "sha512-WjsfWMGsLJUlmLfqjwNyieqSphptOpi9KXDHpHllGob+YNJESQ6bmv2R30aAbHwaWVlZBBi1WPdFkviIYh+HrQ==",
      "license": "Apache-2.0",
      "dependencies": {
        "@osdk/foundry.core": "2.65.0",
        "@osdk/foundry.datasets": "2.65.0",
        "@osdk/foundry.filesystem": "2.65.0",
        "@osdk/shared.client": "^1.0.1",
        "@osdk/shared.client2": "^1.0.0",
        "@osdk/shared.net.platformapi": "~1.7.0"
      }
    },
    "node_modules/@osdk/foundry.orchestration/node_modules/@osdk/foundry.core": {
      "version": "2.65.0",
      "resolved": "https://registry.npmjs.org/@osdk/foundry.core/-/foundry.core-2.65.0.tgz",
      "integrity": "sha512-Ig89KUgIQQwfb2zMXX++8GmfLLon1NiJwITNA528RldQO9OKWnRSJ/Ru3t1XC7s0SPtKHYalw2TCe3ik51Rk9A==",
      "license": "Apache-2.0",
      "dependencies": {
        "@osdk/foundry.geo": "2.65.0",
        "@osdk/shared.client": "^1.0.1",
        "@osdk/shared.client2": "^1.0.0",
        "@osdk/shared.net.platformapi": "~1.7.0"
      }
    },
    "node_modules/@osdk/foundry.pack": {
      "version": "2.65.0",
      "resolved": "https://registry.npmjs.org/@osdk/foundry.pack/-/foundry.pack-2.65.0.tgz",
      "integrity": "sha512-i1YYrRFMfhsnhPvZfMHx08Jy+Mwl1/7PPWXHXIkAKW33irn8Q71g5cSnpRJVrF0mP4UMfTe5tzajCN2AGkDIRQ==",
      "license": "Apache-2.0",
      "dependencies": {
        "@osdk/foundry.core": "2.65.0",
        "@osdk/foundry.filesystem": "2.65.0",
        "@osdk/shared.client": "^1.0.1",
        "@osdk/shared.client2": "^1.0.0",
        "@osdk/shared.net.platformapi": "~1.7.0"
      }
    },
    "node_modules/@osdk/foundry.pack/node_modules/@osdk/foundry.core": {
      "version": "2.65.0",
      "resolved": "https://registry.npmjs.org/@osdk/foundry.core/-/foundry.core-2.65.0.tgz",
      "integrity": "sha512-Ig89KUgIQQwfb2zMXX++8GmfLLon1NiJwITNA528RldQO9OKWnRSJ/Ru3t1XC7s0SPtKHYalw2TCe3ik51Rk9A==",
      "license": "Apache-2.0",
      "dependencies": {
        "@osdk/foundry.geo": "2.65.0",
        "@osdk/shared.client": "^1.0.1",
        "@osdk/shared.client2": "^1.0.0",
        "@osdk/shared.net.platformapi": "~1.7.0"
      }
    },
    "node_modules/@osdk/foundry.publicapis": {
      "version": "2.65.0",
      "resolved": "https://registry.npmjs.org/@osdk/foundry.publicapis/-/foundry.publicapis-2.65.0.tgz",
      "integrity": "sha512-DKYGWMLDdVsD+7BoAFmD/GTgunOoz/3l6Qf0niOP27hFSraetNIsgD2cB0lWuOiy/QDqCF0h7PD9ildjpdUuNQ==",
      "license": "Apache-2.0",
      "dependencies": {
        "@osdk/foundry.core": "2.65.0",
        "@osdk/shared.client": "^1.0.1",
        "@osdk/shared.client2": "^1.0.0",
        "@osdk/shared.net.platformapi": "~1.7.0"
      }
    },
    "node_modules/@osdk/foundry.publicapis/node_modules/@osdk/foundry.core": {
      "version": "2.65.0",
      "resolved": "https://registry.npmjs.org/@osdk/foundry.core/-/foundry.core-2.65.0.tgz",
      "integrity": "sha512-Ig89KUgIQQwfb2zMXX++8GmfLLon1NiJwITNA528RldQO9OKWnRSJ/Ru3t1XC7s0SPtKHYalw2TCe3ik51Rk9A==",
      "license": "Apache-2.0",
      "dependencies": {
        "@osdk/foundry.geo": "2.65.0",
        "@osdk/shared.client": "^1.0.1",
        "@osdk/shared.client2": "^1.0.0",
        "@osdk/shared.net.platformapi": "~1.7.0"
      }
    },
    "node_modules/@osdk/foundry.sqlqueries": {
      "version": "2.65.0",
      "resolved": "https://registry.npmjs.org/@osdk/foundry.sqlqueries/-/foundry.sqlqueries-2.65.0.tgz",
      "integrity": "sha512-UHc8+6XPDdxxCGY/J+jh4MQtRICmydBQpgEYYbzPXWdyiFW/Cc+cHaAfjmigFB2qj+cjKyz6XZe/c5pqYT5ypQ==",
      "license": "Apache-2.0",
      "dependencies": {
        "@osdk/foundry.core": "2.65.0",
        "@osdk/foundry.datasets": "2.65.0",
        "@osdk/shared.client": "^1.0.1",
        "@osdk/shared.client2": "^1.0.0",
        "@osdk/shared.net.platformapi": "~1.7.0"
      }
    },
    "node_modules/@osdk/foundry.sqlqueries/node_modules/@osdk/foundry.core": {
      "version": "2.65.0",
      "resolved": "https://registry.npmjs.org/@osdk/foundry.core/-/foundry.core-2.65.0.tgz",
      "integrity": "sha512-Ig89KUgIQQwfb2zMXX++8GmfLLon1NiJwITNA528RldQO9OKWnRSJ/Ru3t1XC7s0SPtKHYalw2TCe3ik51Rk9A==",
      "license": "Apache-2.0",
      "dependencies": {
        "@osdk/foundry.geo": "2.65.0",
        "@osdk/shared.client": "^1.0.1",
        "@osdk/shared.client2": "^1.0.0",
        "@osdk/shared.net.platformapi": "~1.7.0"
      }
    },
    "node_modules/@osdk/foundry.streams": {
      "version": "2.65.0",
      "resolved": "https://registry.npmjs.org/@osdk/foundry.streams/-/foundry.streams-2.65.0.tgz",
      "integrity": "sha512-ckeQshYWIZWUofK1AJTslfCnqjkF1Ig6EgPv1K7MvXlysKqdQk93KwIE9jwid21ByUfH3VtG9YYbZgWyIY2hKQ==",
      "license": "Apache-2.0",
      "dependencies": {
        "@osdk/foundry.core": "2.65.0",
        "@osdk/foundry.datasets": "2.65.0",
        "@osdk/foundry.filesystem": "2.65.0",
        "@osdk/shared.client": "^1.0.1",
        "@osdk/shared.client2": "^1.0.0",
        "@osdk/shared.net.platformapi": "~1.7.0"
      }
    },
    "node_modules/@osdk/foundry.streams/node_modules/@osdk/foundry.core": {
      "version": "2.65.0",
      "resolved": "https://registry.npmjs.org/@osdk/foundry.core/-/foundry.core-2.65.0.tgz",
      "integrity": "sha512-Ig89KUgIQQwfb2zMXX++8GmfLLon1NiJwITNA528RldQO9OKWnRSJ/Ru3t1XC7s0SPtKHYalw2TCe3ik51Rk9A==",
      "license": "Apache-2.0",
      "dependencies": {
        "@osdk/foundry.geo": "2.65.0",
        "@osdk/shared.client": "^1.0.1",
        "@osdk/shared.client2": "^1.0.0",
        "@osdk/shared.net.platformapi": "~1.7.0"
      }
    },
    "node_modules/@osdk/foundry.thirdpartyapplications": {
      "version": "2.65.0",
      "resolved": "https://registry.npmjs.org/@osdk/foundry.thirdpartyapplications/-/foundry.thirdpartyapplications-2.65.0.tgz",
      "integrity": "sha512-mXo1OX5DNRMPFbjcclt4tj3kckGEFb24wE+slVU5lUZmvDCdVQOBm3Z4WLcaFUJHfX2QY80WIJgUr4QEWJ2Keg==",
      "license": "Apache-2.0",
      "dependencies": {
        "@osdk/foundry.core": "2.65.0",
        "@osdk/shared.client": "^1.0.1",
        "@osdk/shared.client2": "^1.0.0",
        "@osdk/shared.net.platformapi": "~1.7.0"
      }
    },
    "node_modules/@osdk/foundry.thirdpartyapplications/node_modules/@osdk/foundry.core": {
      "version": "2.65.0",
      "resolved": "https://registry.npmjs.org/@osdk/foundry.core/-/foundry.core-2.65.0.tgz",
      "integrity": "sha512-Ig89KUgIQQwfb2zMXX++8GmfLLon1NiJwITNA528RldQO9OKWnRSJ/Ru3t1XC7s0SPtKHYalw2TCe3ik51Rk9A==",
      "license": "Apache-2.0",
      "dependencies": {
        "@osdk/foundry.geo": "2.65.0",
        "@osdk/shared.client": "^1.0.1",
        "@osdk/shared.client2": "^1.0.0",
        "@osdk/shared.net.platformapi": "~1.7.0"
      }
    },
    "node_modules/@osdk/foundry.widgets": {
      "version": "2.65.0",
      "resolved": "https://registry.npmjs.org/@osdk/foundry.widgets/-/foundry.widgets-2.65.0.tgz",
      "integrity": "sha512-GBP8mlgki4iElthPV+gI5bn6N5n8KzxA90La0HUYwE01YCe6TMGw4aBq2VZQdQPnLjcqfb7qeFgK/P0vpt/S9Q==",
      "license": "Apache-2.0",
      "dependencies": {
        "@osdk/foundry.core": "2.65.0",
        "@osdk/shared.client": "^1.0.1",
        "@osdk/shared.client2": "^1.0.0",
        "@osdk/shared.net.platformapi": "~1.7.0"
      }
    },
    "node_modules/@osdk/foundry.widgets/node_modules/@osdk/foundry.core": {
      "version": "2.65.0",
      "resolved": "https://registry.npmjs.org/@osdk/foundry.core/-/foundry.core-2.65.0.tgz",
      "integrity": "sha512-Ig89KUgIQQwfb2zMXX++8GmfLLon1NiJwITNA528RldQO9OKWnRSJ/Ru3t1XC7s0SPtKHYalw2TCe3ik51Rk9A==",
      "license": "Apache-2.0",
      "dependencies": {
        "@osdk/foundry.geo": "2.65.0",
        "@osdk/shared.client": "^1.0.1",
        "@osdk/shared.client2": "^1.0.0",
        "@osdk/shared.net.platformapi": "~1.7.0"
      }
    },
    "node_modules/@osdk/foundry/node_modules/@osdk/foundry.core": {
      "version": "2.65.0",
      "resolved": "https://registry.npmjs.org/@osdk/foundry.core/-/foundry.core-2.65.0.tgz",
      "integrity": "sha512-Ig89KUgIQQwfb2zMXX++8GmfLLon1NiJwITNA528RldQO9OKWnRSJ/Ru3t1XC7s0SPtKHYalw2TCe3ik51Rk9A==",
      "license": "Apache-2.0",
      "dependencies": {
        "@osdk/foundry.geo": "2.65.0",
        "@osdk/shared.client": "^1.0.1",
        "@osdk/shared.client2": "^1.0.0",
        "@osdk/shared.net.platformapi": "~1.7.0"
      }
    },
    "node_modules/@osdk/foundry/node_modules/@osdk/foundry.functions": {
      "version": "2.65.0",
      "resolved": "https://registry.npmjs.org/@osdk/foundry.functions/-/foundry.functions-2.65.0.tgz",
      "integrity": "sha512-Coz65RrGt5BfXvA3SPfnSGDxCf/PUvHNA6L/YN3Zgh9L7vYoFq7opMqzJLwzxU5maZnhts0KCBwCZAZqpB4v9A==",
      "license": "Apache-2.0",
      "dependencies": {
        "@osdk/foundry.core": "2.65.0",
        "@osdk/foundry.ontologies": "2.65.0",
        "@osdk/shared.client": "^1.0.1",
        "@osdk/shared.client2": "^1.0.0",
        "@osdk/shared.net.platformapi": "~1.7.0"
      }
    },
    "node_modules/@osdk/foundry/node_modules/@osdk/foundry.mediasets": {
      "version": "2.65.0",
      "resolved": "https://registry.npmjs.org/@osdk/foundry.mediasets/-/foundry.mediasets-2.65.0.tgz",
      "integrity": "sha512-37OtxXaKihyg8EBvm5I9NLPy/H7v8PCJyJW6/1A2002tDtDXkhNCENmrFXh6+mw30DWnkPD2g9SFNc3uBKZ+7A==",
      "license": "Apache-2.0",
      "dependencies": {
        "@osdk/foundry.core": "2.65.0",
        "@osdk/shared.client": "^1.0.1",
        "@osdk/shared.client2": "^1.0.0",
        "@osdk/shared.net.platformapi": "~1.7.0"
      }
    },
    "node_modules/@osdk/foundry/node_modules/@osdk/foundry.ontologies": {
      "version": "2.65.0",
      "resolved": "https://registry.npmjs.org/@osdk/foundry.ontologies/-/foundry.ontologies-2.65.0.tgz",
      "integrity": "sha512-grg2cD9rv4pLYVvkajL5YGj15ZRiBwcaC3eGWSFZQQ7EOKNQwybEXU+WGVCAkC6QMvaFxrlE/gssTwaRk1QMUQ==",
      "license": "Apache-2.0",
      "dependencies": {
        "@osdk/foundry.core": "2.65.0",
        "@osdk/foundry.geo": "2.65.0",
        "@osdk/shared.client": "^1.0.1",
        "@osdk/shared.client2": "^1.0.0",
        "@osdk/shared.net.platformapi": "~1.7.0"
      }
    },
    "node_modules/@osdk/generator-converters": {
      "version": "2.40.0",
      "resolved": "https://registry.npmjs.org/@osdk/generator-converters/-/generator-converters-2.40.0.tgz",
      "integrity": "sha512-7BdmKcCm9wFi1F3SnwF71BqFv7VxYm6sp+aMld7AyR6BoySws9qfFKKq8g/d1eoTIy6VF9GVLPINlEunIYe5hA==",
      "license": "Apache-2.0",
      "dependencies": {
        "@osdk/api": "~2.40.0",
        "@osdk/foundry.ontologies": "2.63.0"
      }
    },
    "node_modules/@osdk/shared.client": {
      "version": "1.0.1",
      "resolved": "https://registry.npmjs.org/@osdk/shared.client/-/shared.client-1.0.1.tgz",
      "integrity": "sha512-yTH9nOn46SV2Vh8gtHI1DkNa7VatIaQdb3lp7LLREqviY7bjAQI9+IYK/oMSUYkHgB8uU1JIP1qgVETamhS7VA==",
      "license": "Apache-2.0"
    },
    "node_modules/@osdk/shared.client.impl": {
      "version": "1.13.0",
      "resolved": "https://registry.npmjs.org/@osdk/shared.client.impl/-/shared.client.impl-1.13.0.tgz",
      "integrity": "sha512-spxhhd0xj0x+4wSl+5qK1uennVUuD7ksGryiSgCzEWY7vyeISx269ObCLyGAyWY95VGPhXFY29sCgwZtgOcvaQ==",
      "license": "Apache-2.0",
      "dependencies": {
        "@osdk/shared.client": "^1.0.1",
        "@osdk/shared.client2": "^1.0.0",
        "@osdk/shared.net.errors": "~2.11.0",
        "@osdk/shared.net.fetch": "~1.11.0"
      }
    },
    "node_modules/@osdk/shared.client2": {
      "version": "1.0.0",
      "resolved": "https://registry.npmjs.org/@osdk/shared.client2/-/shared.client2-1.0.0.tgz",
      "integrity": "sha512-AZiDypfNrsH/men2mB12KDQM8t5iGyUI7QO2BTpgQ1pNKgwdILUY/xBsNEAUCnp0eYqSuPI1puJuJB2xogMDHA==",
      "license": "Apache-2.0"
    },
    "node_modules/@osdk/shared.net.errors": {
      "version": "2.11.0",
      "resolved": "https://registry.npmjs.org/@osdk/shared.net.errors/-/shared.net.errors-2.11.0.tgz",
      "integrity": "sha512-4j3gBx/xOVZ5h27n9qleTWtBzspObDZ2BKlhNhseibdIbVo+MeTlAMbakq/vklPooxva+l00Lh2R55KLAPADmg==",
      "license": "Apache-2.0"
    },
    "node_modules/@osdk/shared.net.fetch": {
      "version": "1.11.0",
      "resolved": "https://registry.npmjs.org/@osdk/shared.net.fetch/-/shared.net.fetch-1.11.0.tgz",
      "integrity": "sha512-pP69kwJs0kmefDwHLifBgPPcVUee34yfajNGznQaBEHXOjxtqgopaw8rKl208uI7+qoUBIaX3osEnKDwaR9z6g==",
      "license": "Apache-2.0",
      "dependencies": {
        "@osdk/shared.net.errors": "~2.11.0",
        "fetch-retry": "^6.0.0"
      }
    },
    "node_modules/@osdk/shared.net.platformapi": {
      "version": "1.7.0",
      "resolved": "https://registry.npmjs.org/@osdk/shared.net.platformapi/-/shared.net.platformapi-1.7.0.tgz",
      "integrity": "sha512-11pbEVkQ5fbNcYOXfRDcVcbu5UVAHYp612a0WzGwUDV7IoHo5P4vFH8HtzvzfElyejrvXfO/MJHHb5WXbnk2sw==",
      "license": "Apache-2.0",
      "dependencies": {
        "@osdk/shared.client": "^1.0.1",
        "@osdk/shared.client2": "^1.0.0",
        "@osdk/shared.net.errors": "2.5.0-beta.2"
      }
    },
    "node_modules/@osdk/shared.net.platformapi/node_modules/@osdk/shared.net.errors": {
      "version": "2.5.0-beta.2",
      "resolved": "https://registry.npmjs.org/@osdk/shared.net.errors/-/shared.net.errors-2.5.0-beta.2.tgz",
      "integrity": "sha512-AlsMiED7KvvBD/z5fITxC9ftbdyZ4xZgVYx0rc3RWbUexDQfFpaa7PBHa1itDesGvG1zWKDZkBhNVzgDowN+Og==",
      "license": "Apache-2.0"
    },
    "node_modules/@types/geojson": {
      "version": "7946.0.16",
      "resolved": "https://registry.npmjs.org/@types/geojson/-/geojson-7946.0.16.tgz",
      "integrity": "sha512-6C8nqWur3j98U6+lXDfTUWIfgvZU+EumvpHKcYjujKH7woYyLj2sUmff0tRhrqM7BohUw7Pz3ZB1jj2gW9Fvmg==",
      "license": "MIT"
    },
    "node_modules/@wry/trie": {
      "version": "0.5.0",
      "resolved": "https://registry.npmjs.org/@wry/trie/-/trie-0.5.0.tgz",
      "integrity": "sha512-FNoYzHawTMk/6KMQoEG5O4PuioX19UbwdQKF44yw0nLfOypfQdjtfZzo/UIJWAJ23sNIFbD1Ug9lbaDGMwbqQA==",
      "license": "MIT",
      "dependencies": {
        "tslib": "^2.3.0"
      },
      "engines": {
        "node": ">=8"
      }
    },
    "node_modules/big.js": {
      "version": "5.2.2",
      "resolved": "https://registry.npmjs.org/big.js/-/big.js-5.2.2.tgz",
      "integrity": "sha512-vyL2OymJxmarO8gxMr0mhChsO9QGwhynfuu4+MHTAW6czfq9humCB7rKpUjDd9YUiDPU4mzpyupFSvOClAwbmQ==",
      "license": "MIT",
      "engines": {
        "node": "*"
      }
    },
    "node_modules/conjure-lite": {
      "version": "0.7.3",
      "resolved": "https://registry.npmjs.org/conjure-lite/-/conjure-lite-0.7.3.tgz",
      "integrity": "sha512-bqCie+lQDTstzqVs3/nE9oVMzHytBIJ1AZsNxU9XuOwVIDl2VdZ7AySOWIeEQsUjuKVkhoM03zbkxqeKSH8Izg==",
      "license": "Apache-2.0",
      "bin": {
        "conjure-lite": "dist/conjure-lite.mjs"
      }
    },
    "node_modules/fast-deep-equal": {
      "version": "3.1.3",
      "resolved": "https://registry.npmjs.org/fast-deep-equal/-/fast-deep-equal-3.1.3.tgz",
      "integrity": "sha512-f3qQ9oQy9j2AhBe/H9VC91wLmKBCCU/gDOnKNAYG5hswO7BLKj09Hc5HYNz9cGI++xlpDCIgDaitVs03ATR84Q==",
      "license": "MIT"
    },
    "node_modules/fetch-retry": {
      "version": "6.0.0",
      "resolved": "https://registry.npmjs.org/fetch-retry/-/fetch-retry-6.0.0.tgz",
      "integrity": "sha512-BUFj1aMubgib37I3v4q78fYo63Po7t4HUPTpQ6/QE6yK6cIQrP+W43FYToeTEyg5m2Y7eFUtijUuAv/PDlWuag==",
      "license": "MIT"
    },
    "node_modules/isomorphic-ws": {
      "version": "5.0.0",
      "resolved": "https://registry.npmjs.org/isomorphic-ws/-/isomorphic-ws-5.0.0.tgz",
      "integrity": "sha512-muId7Zzn9ywDsyXgTIafTry2sV3nySZeUDe6YedVd1Hvuuep5AsIlqK+XefWpYTyJG5e503F2xIuT2lcU6rCSw==",
      "license": "MIT",
      "peerDependencies": {
        "ws": "*"
      }
    },
    "node_modules/p-defer": {
      "version": "4.0.1",
      "resolved": "https://registry.npmjs.org/p-defer/-/p-defer-4.0.1.tgz",
      "integrity": "sha512-Mr5KC5efvAK5VUptYEIopP1bakB85k2IWXaRC0rsh1uwn1L6M0LVml8OIQ4Gudg4oyZakf7FmeRLkMMtZW1i5A==",
      "license": "MIT",
      "engines": {
        "node": ">=12"
      },
      "funding": {
        "url": "https://github.com/sponsors/sindresorhus"
      }
    },
    "node_modules/rxjs": {
      "version": "7.8.2",
      "resolved": "https://registry.npmjs.org/rxjs/-/rxjs-7.8.2.tgz",
      "integrity": "sha512-dhKf903U/PQZY6boNNtAGdWbG85WAbjT/1xYoZIC7FAY0yWapOBQVsVrDl58W86//e1VpMNBtRV4MaXfdMySFA==",
      "license": "Apache-2.0",
      "dependencies": {
        "tslib": "^2.1.0"
      }
    },
    "node_modules/tiny-invariant": {
      "version": "1.3.3",
      "resolved": "https://registry.npmjs.org/tiny-invariant/-/tiny-invariant-1.3.3.tgz",
      "integrity": "sha512-+FbBPE1o9QAYvviau/qC5SE3caw21q3xkvWKBtja5vgqOWIHHJ3ioaq1VPfn/Szqctz2bU/oYeKd9/z5BL+PVg==",
      "license": "MIT"
    },
    "node_modules/tslib": {
      "version": "2.8.1",
      "resolved": "https://registry.npmjs.org/tslib/-/tslib-2.8.1.tgz",
      "integrity": "sha512-oJFu94HQb+KVduSUQL7wnpmqnfmLsOA/nAh6b6EH0wCEoK0/mPeXU6c3wKDV83MkOuHPRHtSXKKU99IBazS/2w==",
      "license": "0BSD"
    },
    "node_modules/type-fest": {
      "version": "4.41.0",
      "resolved": "https://registry.npmjs.org/type-fest/-/type-fest-4.41.0.tgz",
      "integrity": "sha512-TeTSQ6H5YHvpqVwBRcnLDCBnDOHWYu7IvGbHT6N8AOymcr9PJGjc1GTtiWZTYg0NCgYwvnYWEkVChQAr9bjfwA==",
      "license": "(MIT OR CC0-1.0)",
      "engines": {
        "node": ">=16"
      },
      "funding": {
        "url": "https://github.com/sponsors/sindresorhus"
      }
    },
    "node_modules/ws": {
      "version": "8.21.0",
      "resolved": "https://registry.npmjs.org/ws/-/ws-8.21.0.tgz",
      "integrity": "sha512-Vsp28b7DRcimFQvrqu2Wek3z1iYxDCWqHYB8Qsnk/S4RfaCQzPGPyBNuVjJV3cd6UiKtUtp6sNM77gWvzcCH+g==",
      "license": "MIT",
      "engines": {
        "node": ">=10.0.0"
      },
      "peerDependencies": {
        "bufferutil": "^4.0.1",
        "utf-8-validate": ">=5.0.2"
      },
      "peerDependenciesMeta": {
        "bufferutil": {
          "optional": true
        },
        "utf-8-validate": {
          "optional": true
        }
      }
    }
  }
}
